
Microsoft Visual Studio Solution File, Format Version 12.00
# Visual Studio Version 16
VisualStudioVersion = 16.0.33027.164
MinimumVisualStudioVersion = 10.0.40219.1
Project("{FAE04EC0-301F-11D3-BF4B-00C04F79EFBC}") = "RainInventoryEx", "RainInventoryEx\RainInventoryEx.csproj", "{09F74975-FF86-4E11-9141-B9093A1B3120}"
EndProject
Project("{FAE04EC0-301F-11D3-BF4B-00C04F79EFBC}") = "RainCraftEx", "RainCraftEx\RainCraftEx.csproj", "{5553B81B-E909-49D6-A6BD-DC03325A7B1B}"
EndProject
Global
	GlobalSection(SolutionConfigurationPlatforms) = preSolution
		Debug|Any CPU = Debug|Any CPU
		Release|Any CPU = Release|Any CPU
	EndGlobalSection
	GlobalSection(ProjectConfigurationPlatforms) = postSolution
		{09F74975-FF86-4E11-9141-B9093A1B3120}.Debug|Any CPU.ActiveCfg = Debug|Any CPU
		{09F74975-FF86-4E11-9141-B9093A1B3120}.Debug|Any CPU.Build.0 = Debug|Any CPU
		{09F74975-FF86-4E11-9141-B9093A1B3120}.Release|Any CPU.ActiveCfg = Release|Any CPU
		{09F74975-FF86-4E11-9141-B9093A1B3120}.Release|Any CPU.Build.0 = Release|Any CPU
		{5553B81B-E909-49D6-A6BD-DC03325A7B1B}.Debug|Any CPU.ActiveCfg = Debug|Any CPU
		{5553B81B-E909-49D6-A6BD-DC03325A7B1B}.Debug|Any CPU.Build.0 = Debug|Any CPU
		{5553B81B-E909-49D6-A6BD-DC03325A7B1B}.Release|Any CPU.ActiveCfg = Release|Any CPU
		{5553B81B-E909-49D6-A6BD-DC03325A7B1B}.Release|Any CPU.Build.0 = Release|Any CPU
	EndGlobalSection
	GlobalSection(SolutionProperties) = preSolution
		HideSolutionNode = FALSE
	EndGlobalSection
	GlobalSection(ExtensibilityGlobals) = postSolution
		SolutionGuid = {92379327-BC65-4CB4-A773-BD80F772D7A8}
	EndGlobalSection
EndGlobal
